
Microsoft Visual Studio Solution File, Format Version 12.00
# Visual Studio Version 17
VisualStudioVersion = 17.0.31612.314
MinimumVisualStudioVersion = 10.0.40219.1
Project("{9A19103F-16F7-4668-BE54-9A1E7A4F7556}") = "MyPayProject", "MyPayProject\MyPayProject.csproj", "{900D1023-69D5-4F29-AC0C-09959C66301A}"
EndProject
Project("{9A19103F-16F7-4668-BE54-9A1E7A4F7556}") = "MyPayNUnitTestProject", "MyPayNUnitTestProject\MyPayNUnitTestProject.csproj", "{53615622-F135-4733-A4BE-9882D13227DF}"
EndProject
Project("{FAE04EC0-301F-11D3-BF4B-00C04F79EFBC}") = "ConsoleApplicationForTestingReusableComponents", "ConsoleApplicationForTestingReusableComponents\ConsoleApplicationForTestingReusableComponents.csproj", "{473CA1D5-B2B7-45C7-A375-7F7E5E2C701D}"
EndProject
Global
	GlobalSection(SolutionConfigurationPlatforms) = preSolution
		Debug|Any CPU = Debug|Any CPU
		Release|Any CPU = Release|Any CPU
	EndGlobalSection
	GlobalSection(ProjectConfigurationPlatforms) = postSolution
		{900D1023-69D5-4F29-AC0C-09959C66301A}.Debug|Any CPU.ActiveCfg = Debug|Any CPU
		{900D1023-69D5-4F29-AC0C-09959C66301A}.Debug|Any CPU.Build.0 = Debug|Any CPU
		{900D1023-69D5-4F29-AC0C-09959C66301A}.Release|Any CPU.ActiveCfg = Release|Any CPU
		{900D1023-69D5-4F29-AC0C-09959C66301A}.Release|Any CPU.Build.0 = Release|Any CPU
		{53615622-F135-4733-A4BE-9882D13227DF}.Debug|Any CPU.ActiveCfg = Debug|Any CPU
		{53615622-F135-4733-A4BE-9882D13227DF}.Debug|Any CPU.Build.0 = Debug|Any CPU
		{53615622-F135-4733-A4BE-9882D13227DF}.Release|Any CPU.ActiveCfg = Release|Any CPU
		{53615622-F135-4733-A4BE-9882D13227DF}.Release|Any CPU.Build.0 = Release|Any CPU
		{473CA1D5-B2B7-45C7-A375-7F7E5E2C701D}.Debug|Any CPU.ActiveCfg = Debug|Any CPU
		{473CA1D5-B2B7-45C7-A375-7F7E5E2C701D}.Debug|Any CPU.Build.0 = Debug|Any CPU
		{473CA1D5-B2B7-45C7-A375-7F7E5E2C701D}.Release|Any CPU.ActiveCfg = Release|Any CPU
		{473CA1D5-B2B7-45C7-A375-7F7E5E2C701D}.Release|Any CPU.Build.0 = Release|Any CPU
	EndGlobalSection
	GlobalSection(SolutionProperties) = preSolution
		HideSolutionNode = FALSE
	EndGlobalSection
	GlobalSection(ExtensibilityGlobals) = postSolution
		SolutionGuid = {629A885D-E62A-472A-AC25-A8E7A0B4DE3B}
	EndGlobalSection
EndGlobal
